
Microsoft Visual Studio Solution File, Format Version 12.00
# Visual Studio Version 17
VisualStudioVersion = 17.10.35004.147
MinimumVisualStudioVersion = 10.0.40219.1
Project("{8BC9CEB8-8B4A-11D0-8D11-00A0C91BC942}") = "Buoi1", "Buoi1\Buoi1.vcxproj", "{772061B6-C964-4C39-84AC-E6D1B3122E38}"
EndProject
Project("{8BC9CEB8-8B4A-11D0-8D11-00A0C91BC942}") = "buoi2", "buoi2\buoi2.vcxproj", "{EBD793D0-6C8F-4612-96F8-CB8F456FA08D}"
EndProject
Project("{8BC9CEB8-8B4A-11D0-8D11-00A0C91BC942}") = "buoi3", "buoi3\buoi3.vcxproj", "{DD431A4D-06A0-4AB6-89C5-C3A89FEBA0DA}"
EndProject
Project("{8BC9CEB8-8B4A-11D0-8D11-00A0C91BC942}") = "buoi 7", "buoi 7\buoi 7.vcxproj", "{0A15B8A1-8D9B-4DC2-8775-E0F1A9B45C6C}"
EndProject
Global
	GlobalSection(SolutionConfigurationPlatforms) = preSolution
		Debug|x64 = Debug|x64
		Debug|x86 = Debug|x86
		Release|x64 = Release|x64
		Release|x86 = Release|x86
	EndGlobalSection
	GlobalSection(ProjectConfigurationPlatforms) = postSolution
		{772061B6-C964-4C39-84AC-E6D1B3122E38}.Debug|x64.ActiveCfg = Debug|x64
		{772061B6-C964-4C39-84AC-E6D1B3122E38}.Debug|x64.Build.0 = Debug|x64
		{772061B6-C964-4C39-84AC-E6D1B3122E38}.Debug|x86.ActiveCfg = Debug|Win32
		{772061B6-C964-4C39-84AC-E6D1B3122E38}.Debug|x86.Build.0 = Debug|Win32
		{772061B6-C964-4C39-84AC-E6D1B3122E38}.Release|x64.ActiveCfg = Release|x64
		{772061B6-C964-4C39-84AC-E6D1B3122E38}.Release|x64.Build.0 = Release|x64
		{772061B6-C964-4C39-84AC-E6D1B3122E38}.Release|x86.ActiveCfg = Release|Win32
		{772061B6-C964-4C39-84AC-E6D1B3122E38}.Release|x86.Build.0 = Release|Win32
		{EBD793D0-6C8F-4612-96F8-CB8F456FA08D}.Debug|x64.ActiveCfg = Debug|x64
		{EBD793D0-6C8F-4612-96F8-CB8F456FA08D}.Debug|x64.Build.0 = Debug|x64
		{EBD793D0-6C8F-4612-96F8-CB8F456FA08D}.Debug|x86.ActiveCfg = Debug|Win32
		{EBD793D0-6C8F-4612-96F8-CB8F456FA08D}.Debug|x86.Build.0 = Debug|Win32
		{EBD793D0-6C8F-4612-96F8-CB8F456FA08D}.Release|x64.ActiveCfg = Release|x64
		{EBD793D0-6C8F-4612-96F8-CB8F456FA08D}.Release|x64.Build.0 = Release|x64
		{EBD793D0-6C8F-4612-96F8-CB8F456FA08D}.Release|x86.ActiveCfg = Release|Win32
		{EBD793D0-6C8F-4612-96F8-CB8F456FA08D}.Release|x86.Build.0 = Release|Win32
		{DD431A4D-06A0-4AB6-89C5-C3A89FEBA0DA}.Debug|x64.ActiveCfg = Debug|x64
		{DD431A4D-06A0-4AB6-89C5-C3A89FEBA0DA}.Debug|x64.Build.0 = Debug|x64
		{DD431A4D-06A0-4AB6-89C5-C3A89FEBA0DA}.Debug|x86.ActiveCfg = Debug|Win32
		{DD431A4D-06A0-4AB6-89C5-C3A89FEBA0DA}.Debug|x86.Build.0 = Debug|Win32
		{DD431A4D-06A0-4AB6-89C5-C3A89FEBA0DA}.Release|x64.ActiveCfg = Release|x64
		{DD431A4D-06A0-4AB6-89C5-C3A89FEBA0DA}.Release|x64.Build.0 = Release|x64
		{DD431A4D-06A0-4AB6-89C5-C3A89FEBA0DA}.Release|x86.ActiveCfg = Release|Win32
		{DD431A4D-06A0-4AB6-89C5-C3A89FEBA0DA}.Release|x86.Build.0 = Release|Win32
		{0A15B8A1-8D9B-4DC2-8775-E0F1A9B45C6C}.Debug|x64.ActiveCfg = Debug|x64
		{0A15B8A1-8D9B-4DC2-8775-E0F1A9B45C6C}.Debug|x64.Build.0 = Debug|x64
		{0A15B8A1-8D9B-4DC2-8775-E0F1A9B45C6C}.Debug|x86.ActiveCfg = Debug|Win32
		{0A15B8A1-8D9B-4DC2-8775-E0F1A9B45C6C}.Debug|x86.Build.0 = Debug|Win32
		{0A15B8A1-8D9B-4DC2-8775-E0F1A9B45C6C}.Release|x64.ActiveCfg = Release|x64
		{0A15B8A1-8D9B-4DC2-8775-E0F1A9B45C6C}.Release|x64.Build.0 = Release|x64
		{0A15B8A1-8D9B-4DC2-8775-E0F1A9B45C6C}.Release|x86.ActiveCfg = Release|Win32
		{0A15B8A1-8D9B-4DC2-8775-E0F1A9B45C6C}.Release|x86.Build.0 = Release|Win32
	EndGlobalSection
	GlobalSection(SolutionProperties) = preSolution
		HideSolutionNode = FALSE
	EndGlobalSection
	GlobalSection(ExtensibilityGlobals) = postSolution
		SolutionGuid = {EDC746A3-1BD9-4028-8A1A-F75CDD03E1D9}
	EndGlobalSection
EndGlobal
